
Microsoft Visual Studio Solution File, Format Version 12.00
# Visual Studio Version 17
VisualStudioVersion = 17.0.31808.319
MinimumVisualStudioVersion = 10.0.40219.1
Project("{9A19103F-16F7-4668-BE54-9A1E7A4F7556}") = "WebApp.Identity", "WebApp.Identity\WebApp.Identity.csproj", "{77C582C1-4344-4F03-9ABA-79DB97DC0F90}"
EndProject
Project("{FAE04EC0-301F-11D3-BF4B-00C04F79EFBC}") = "WebAPI.Identity", "WebAPI.Identity\WebAPI.Identity.csproj", "{8E786B5B-DFD3-45C2-A9A2-EFE97EF2AB5A}"
EndProject
Project("{FAE04EC0-301F-11D3-BF4B-00C04F79EFBC}") = "WebAPI.Domain", "WebAPI.Domain\WebAPI.Domain.csproj", "{76347D03-F893-462B-B028-96AA32C99028}"
EndProject
Project("{FAE04EC0-301F-11D3-BF4B-00C04F79EFBC}") = "WebAPI.Repository", "WebAPI.Repository\WebAPI.Repository.csproj", "{4AFBAAF9-43E1-4745-BEE5-79CB94F4BFFF}"
EndProject
Global
	GlobalSection(SolutionConfigurationPlatforms) = preSolution
		Debug|Any CPU = Debug|Any CPU
		Release|Any CPU = Release|Any CPU
	EndGlobalSection
	GlobalSection(ProjectConfigurationPlatforms) = postSolution
		{77C582C1-4344-4F03-9ABA-79DB97DC0F90}.Debug|Any CPU.ActiveCfg = Debug|Any CPU
		{77C582C1-4344-4F03-9ABA-79DB97DC0F90}.Debug|Any CPU.Build.0 = Debug|Any CPU
		{77C582C1-4344-4F03-9ABA-79DB97DC0F90}.Release|Any CPU.ActiveCfg = Release|Any CPU
		{77C582C1-4344-4F03-9ABA-79DB97DC0F90}.Release|Any CPU.Build.0 = Release|Any CPU
		{8E786B5B-DFD3-45C2-A9A2-EFE97EF2AB5A}.Debug|Any CPU.ActiveCfg = Debug|Any CPU
		{8E786B5B-DFD3-45C2-A9A2-EFE97EF2AB5A}.Debug|Any CPU.Build.0 = Debug|Any CPU
		{8E786B5B-DFD3-45C2-A9A2-EFE97EF2AB5A}.Release|Any CPU.ActiveCfg = Release|Any CPU
		{8E786B5B-DFD3-45C2-A9A2-EFE97EF2AB5A}.Release|Any CPU.Build.0 = Release|Any CPU
		{76347D03-F893-462B-B028-96AA32C99028}.Debug|Any CPU.ActiveCfg = Debug|Any CPU
		{76347D03-F893-462B-B028-96AA32C99028}.Debug|Any CPU.Build.0 = Debug|Any CPU
		{76347D03-F893-462B-B028-96AA32C99028}.Release|Any CPU.ActiveCfg = Release|Any CPU
		{76347D03-F893-462B-B028-96AA32C99028}.Release|Any CPU.Build.0 = Release|Any CPU
		{4AFBAAF9-43E1-4745-BEE5-79CB94F4BFFF}.Debug|Any CPU.ActiveCfg = Debug|Any CPU
		{4AFBAAF9-43E1-4745-BEE5-79CB94F4BFFF}.Debug|Any CPU.Build.0 = Debug|Any CPU
		{4AFBAAF9-43E1-4745-BEE5-79CB94F4BFFF}.Release|Any CPU.ActiveCfg = Release|Any CPU
		{4AFBAAF9-43E1-4745-BEE5-79CB94F4BFFF}.Release|Any CPU.Build.0 = Release|Any CPU
	EndGlobalSection
	GlobalSection(SolutionProperties) = preSolution
		HideSolutionNode = FALSE
	EndGlobalSection
	GlobalSection(ExtensibilityGlobals) = postSolution
		SolutionGuid = {CBE12E91-F0E0-438C-B87B-FC0DA7BB043F}
	EndGlobalSection
EndGlobal
